// !$*UTF8*$!
{
	archiveVersion = 1;
	classes = {
	};
	objectVersion = 77;
	objects = {

/* Begin PBXBuildFile section */
		A10000000000000000000021 /* AudioFileLoader.swift in Sources */ = {isa = PBXBuildFile; fileRef = A10000000000000000000011 /* AudioFileLoader.swift */; };
		A10000000000000000000022 /* ContentView.swift in Sources */ = {isa = PBXBuildFile; fileRef = A10000000000000000000012 /* ContentView.swift */; };
		A10000000000000000000023 /* KeyMonitor.swift in Sources */ = {isa = PBXBuildFile; fileRef = A10000000000000000000013 /* KeyMonitor.swift */; };
		A10000000000000000000024 /* Models.swift in Sources */ = {isa = PBXBuildFile; fileRef = A10000000000000000000014 /* Models.swift */; };
		A10000000000000000000025 /* PlaybackController.swift in Sources */ = {isa = PBXBuildFile; fileRef = A10000000000000000000015 /* PlaybackController.swift */; };
		A10000000000000000000026 /* TakesApp.swift in Sources */ = {isa = PBXBuildFile; fileRef = A10000000000000000000016 /* TakesApp.swift */; };
		A10000000000000000000027 /* TransportMapping.swift in Sources */ = {isa = PBXBuildFile; fileRef = A10000000000000000000017 /* TransportMapping.swift */; };
		A10000000000000000000028 /* LibraryTrackSelectionLoader.swift in Sources */ = {isa = PBXBuildFile; fileRef = A1000000000000000000001B /* LibraryTrackSelectionLoader.swift */; };
		A10000000000000000000029 /* Assets/Assets.xcassets in Resources */ = {isa = PBXBuildFile; fileRef = A1000000000000000000001C /* Assets/Assets.xcassets */; };
		A10000000000000000000031 /* SessionTests.swift in Sources */ = {isa = PBXBuildFile; fileRef = A10000000000000000000018 /* SessionTests.swift */; };
		A10000000000000000000032 /* TransportMappingTests.swift in Sources */ = {isa = PBXBuildFile; fileRef = A10000000000000000000019 /* TransportMappingTests.swift */; };
		A10000000000000000000033 /* TrackDropHighlightTests.swift in Sources */ = {isa = PBXBuildFile; fileRef = A1000000000000000000001D /* TrackDropHighlightTests.swift */; };
		A10000000000000000000034 /* WaveformSourceTests.swift in Sources */ = {isa = PBXBuildFile; fileRef = A1000000000000000000001F /* WaveformSourceTests.swift */; };
		A1000000000000000000C011 /* AppSettings.swift in Sources */ = {isa = PBXBuildFile; fileRef = A1000000000000000000C001 /* AppSettings.swift */; };
		A1000000000000000000C012 /* SoftwareUpdater.swift in Sources */ = {isa = PBXBuildFile; fileRef = A1000000000000000000C002 /* SoftwareUpdater.swift */; };
		A1000000000000000000C013 /* SettingsView.swift in Sources */ = {isa = PBXBuildFile; fileRef = A1000000000000000000C003 /* SettingsView.swift */; };
		A1000000000000000000C014 /* WaveformStore.swift in Sources */ = {isa = PBXBuildFile; fileRef = A1000000000000000000C004 /* WaveformStore.swift */; };
		A1000000000000000000C015 /* ComponentDebugLabel.swift in Sources */ = {isa = PBXBuildFile; fileRef = A1000000000000000000C005 /* ComponentDebugLabel.swift */; };
		A1000000000000000000C016 /* Theme.swift in Sources */ = {isa = PBXBuildFile; fileRef = A1000000000000000000C006 /* Theme.swift */; };
		A1000000000000000000C017 /* TransportControls.swift in Sources */ = {isa = PBXBuildFile; fileRef = A1000000000000000000C007 /* TransportControls.swift */; };
		A1000000000000000000C018 /* TrackAligner.swift in Sources */ = {isa = PBXBuildFile; fileRef = A1000000000000000000C008 /* TrackAligner.swift */; };
		A1000000000000000000C019 /* TrackAlignerTests.swift in Sources */ = {isa = PBXBuildFile; fileRef = A1000000000000000000C009 /* TrackAlignerTests.swift */; };
		A1000000000000000000C01A /* StreamingTrackImport.swift in Sources */ = {isa = PBXBuildFile; fileRef = A1000000000000000000C00A /* StreamingTrackImport.swift */; };
		A1000000000000000000C01B /* StreamingTrackImportTests.swift in Sources */ = {isa = PBXBuildFile; fileRef = A1000000000000000000C00B /* StreamingTrackImportTests.swift */; };
		A6FE79452FDE592C003F2711 /* Sparkle in Frameworks */ = {isa = PBXBuildFile; productRef = A6FE79442FDE592C003F2711 /* Sparkle */; };
/* End PBXBuildFile section */

/* Begin PBXContainerItemProxy section */
		A10000000000000000000051 /* PBXContainerItemProxy */ = {
			isa = PBXContainerItemProxy;
			containerPortal = A10000000000000000000001 /* Project object */;
			proxyType = 1;
			remoteGlobalIDString = A10000000000000000000041;
			remoteInfo = Takes;
		};
/* End PBXContainerItemProxy section */

/* Begin PBXFileReference section */
		A10000000000000000000002 /* Takes.app */ = {isa = PBXFileReference; explicitFileType = wrapper.application; includeInIndex = 0; path = Takes.app; sourceTree = BUILT_PRODUCTS_DIR; };
		A10000000000000000000003 /* TakesTests.xctest */ = {isa = PBXFileReference; explicitFileType = wrapper.cfbundle; includeInIndex = 0; path = TakesTests.xctest; sourceTree = BUILT_PRODUCTS_DIR; };
		A10000000000000000000011 /* AudioFileLoader.swift */ = {isa = PBXFileReference; lastKnownFileType = sourcecode.swift; path = AudioFileLoader.swift; sourceTree = "<group>"; };
		A10000000000000000000012 /* ContentView.swift */ = {isa = PBXFileReference; lastKnownFileType = sourcecode.swift; path = ContentView.swift; sourceTree = "<group>"; };
		A10000000000000000000013 /* KeyMonitor.swift */ = {isa = PBXFileReference; lastKnownFileType = sourcecode.swift; path = KeyMonitor.swift; sourceTree = "<group>"; };
		A10000000000000000000014 /* Models.swift */ = {isa = PBXFileReference; lastKnownFileType = sourcecode.swift; path = Models.swift; sourceTree = "<group>"; };
		A10000000000000000000015 /* PlaybackController.swift */ = {isa = PBXFileReference; lastKnownFileType = sourcecode.swift; path = PlaybackController.swift; sourceTree = "<group>"; };
		A10000000000000000000016 /* TakesApp.swift */ = {isa = PBXFileReference; lastKnownFileType = sourcecode.swift; path = TakesApp.swift; sourceTree = "<group>"; };
		A10000000000000000000017 /* TransportMapping.swift */ = {isa = PBXFileReference; lastKnownFileType = sourcecode.swift; path = TransportMapping.swift; sourceTree = "<group>"; };
		A10000000000000000000018 /* SessionTests.swift */ = {isa = PBXFileReference; lastKnownFileType = sourcecode.swift; path = SessionTests.swift; sourceTree = "<group>"; };
		A10000000000000000000019 /* TransportMappingTests.swift */ = {isa = PBXFileReference; lastKnownFileType = sourcecode.swift; path = TransportMappingTests.swift; sourceTree = "<group>"; };
		A1000000000000000000001A /* Takes-Info.plist */ = {isa = PBXFileReference; lastKnownFileType = text.plist.xml; path = "Takes-Info.plist"; sourceTree = "<group>"; };
		A1000000000000000000001B /* LibraryTrackSelectionLoader.swift */ = {isa = PBXFileReference; lastKnownFileType = sourcecode.swift; path = LibraryTrackSelectionLoader.swift; sourceTree = "<group>"; };
		A1000000000000000000001C /* Assets/Assets.xcassets */ = {isa = PBXFileReference; lastKnownFileType = folder.assetcatalog; path = Assets/Assets.xcassets; sourceTree = "<group>"; };
		A1000000000000000000001D /* TrackDropHighlightTests.swift */ = {isa = PBXFileReference; lastKnownFileType = sourcecode.swift; path = TrackDropHighlightTests.swift; sourceTree = "<group>"; };
		A1000000000000000000001E /* Takes.entitlements */ = {isa = PBXFileReference; lastKnownFileType = text.plist.entitlements; path = Takes.entitlements; sourceTree = "<group>"; };
		A1000000000000000000001F /* WaveformSourceTests.swift */ = {isa = PBXFileReference; lastKnownFileType = sourcecode.swift; path = WaveformSourceTests.swift; sourceTree = "<group>"; };
		A1000000000000000000C001 /* AppSettings.swift */ = {isa = PBXFileReference; lastKnownFileType = sourcecode.swift; path = AppSettings.swift; sourceTree = "<group>"; };
		A1000000000000000000C002 /* SoftwareUpdater.swift */ = {isa = PBXFileReference; lastKnownFileType = sourcecode.swift; path = SoftwareUpdater.swift; sourceTree = "<group>"; };
		A1000000000000000000C003 /* SettingsView.swift */ = {isa = PBXFileReference; lastKnownFileType = sourcecode.swift; path = SettingsView.swift; sourceTree = "<group>"; };
		A1000000000000000000C004 /* WaveformStore.swift */ = {isa = PBXFileReference; lastKnownFileType = sourcecode.swift; path = WaveformStore.swift; sourceTree = "<group>"; };
		A1000000000000000000C005 /* ComponentDebugLabel.swift */ = {isa = PBXFileReference; lastKnownFileType = sourcecode.swift; path = ComponentDebugLabel.swift; sourceTree = "<group>"; };
		A1000000000000000000C006 /* Theme.swift */ = {isa = PBXFileReference; lastKnownFileType = sourcecode.swift; path = Theme.swift; sourceTree = "<group>"; };
		A1000000000000000000C007 /* TransportControls.swift */ = {isa = PBXFileReference; lastKnownFileType = sourcecode.swift; path = TransportControls.swift; sourceTree = "<group>"; };
		A1000000000000000000C008 /* TrackAligner.swift */ = {isa = PBXFileReference; lastKnownFileType = sourcecode.swift; path = TrackAligner.swift; sourceTree = "<group>"; };
		A1000000000000000000C009 /* TrackAlignerTests.swift */ = {isa = PBXFileReference; lastKnownFileType = sourcecode.swift; path = TrackAlignerTests.swift; sourceTree = "<group>"; };
		A1000000000000000000C00A /* StreamingTrackImport.swift */ = {isa = PBXFileReference; lastKnownFileType = sourcecode.swift; path = StreamingTrackImport.swift; sourceTree = "<group>"; };
		A1000000000000000000C00B /* StreamingTrackImportTests.swift */ = {isa = PBXFileReference; lastKnownFileType = sourcecode.swift; path = StreamingTrackImportTests.swift; sourceTree = "<group>"; };
/* End PBXFileReference section */

/* Begin PBXFrameworksBuildPhase section */
		A10000000000000000000061 /* Frameworks */ = {
			isa = PBXFrameworksBuildPhase;
			buildActionMask = 2147483647;
			files = (
				A6FE79452FDE592C003F2711 /* Sparkle in Frameworks */,
			);
			runOnlyForDeploymentPostprocessing = 0;
		};
		A10000000000000000000062 /* Frameworks */ = {
			isa = PBXFrameworksBuildPhase;
			buildActionMask = 2147483647;
			files = (
			);
			runOnlyForDeploymentPostprocessing = 0;
		};
/* End PBXFrameworksBuildPhase section */

/* Begin PBXGroup section */
		A10000000000000000000004 = {
			isa = PBXGroup;
			children = (
				A1000000000000000000001C /* Assets/Assets.xcassets */,
				A10000000000000000000071 /* Sources */,
				A10000000000000000000072 /* Tests */,
				A10000000000000000000073 /* Config */,
				A10000000000000000000005 /* Products */,
			);
			sourceTree = "<group>";
		};
		A10000000000000000000005 /* Products */ = {
			isa = PBXGroup;
			children = (
				A10000000000000000000002 /* Takes.app */,
				A10000000000000000000003 /* TakesTests.xctest */,
			);
			name = Products;
			sourceTree = "<group>";
		};
		A10000000000000000000071 /* Sources */ = {
			isa = PBXGroup;
			children = (
				A10000000000000000000074 /* Takes */,
			);
			path = Sources;
			sourceTree = "<group>";
		};
		A10000000000000000000072 /* Tests */ = {
			isa = PBXGroup;
			children = (
				A10000000000000000000075 /* TakesTests */,
			);
			path = Tests;
			sourceTree = "<group>";
		};
		A10000000000000000000073 /* Config */ = {
			isa = PBXGroup;
			children = (
				A1000000000000000000001A /* Takes-Info.plist */,
				A1000000000000000000001E /* Takes.entitlements */,
			);
			path = Config;
			sourceTree = "<group>";
		};
		A10000000000000000000074 /* Takes */ = {
			isa = PBXGroup;
			children = (
				A1000000000000000000C001 /* AppSettings.swift */,
				A10000000000000000000011 /* AudioFileLoader.swift */,
				A1000000000000000000C005 /* ComponentDebugLabel.swift */,
				A10000000000000000000012 /* ContentView.swift */,
				A10000000000000000000013 /* KeyMonitor.swift */,
				A1000000000000000000001B /* LibraryTrackSelectionLoader.swift */,
				A10000000000000000000014 /* Models.swift */,
				A1000000000000000000C006 /* Theme.swift */,
				A1000000000000000000C008 /* TrackAligner.swift */,
				A1000000000000000000C007 /* TransportControls.swift */,
				A10000000000000000000015 /* PlaybackController.swift */,
				A10000000000000000000016 /* TakesApp.swift */,
				A1000000000000000000C003 /* SettingsView.swift */,
				A1000000000000000000C002 /* SoftwareUpdater.swift */,
				A1000000000000000000C00A /* StreamingTrackImport.swift */,
				A10000000000000000000017 /* TransportMapping.swift */,
				A1000000000000000000C004 /* WaveformStore.swift */,
			);
			path = Takes;
			sourceTree = "<group>";
		};
		A10000000000000000000075 /* TakesTests */ = {
			isa = PBXGroup;
			children = (
				A10000000000000000000018 /* SessionTests.swift */,
				A1000000000000000000C00B /* StreamingTrackImportTests.swift */,
				A1000000000000000000C009 /* TrackAlignerTests.swift */,
				A1000000000000000000001D /* TrackDropHighlightTests.swift */,
				A10000000000000000000019 /* TransportMappingTests.swift */,
				A1000000000000000000001F /* WaveformSourceTests.swift */,
			);
			path = TakesTests;
			sourceTree = "<group>";
		};
/* End PBXGroup section */

/* Begin PBXNativeTarget section */
		A10000000000000000000041 /* Takes */ = {
			isa = PBXNativeTarget;
			buildConfigurationList = A10000000000000000000081 /* Build configuration list for PBXNativeTarget "Takes" */;
			buildPhases = (
				A10000000000000000000091 /* Sources */,
				A10000000000000000000061 /* Frameworks */,
				A10000000000000000000092 /* Resources */,
			);
			buildRules = (
			);
			dependencies = (
			);
			name = Takes;
			productName = Takes;
			productReference = A10000000000000000000002 /* Takes.app */;
			productType = "com.apple.product-type.application";
		};
		A10000000000000000000042 /* TakesTests */ = {
			isa = PBXNativeTarget;
			buildConfigurationList = A10000000000000000000082 /* Build configuration list for PBXNativeTarget "TakesTests" */;
			buildPhases = (
				A10000000000000000000093 /* Sources */,
				A10000000000000000000062 /* Frameworks */,
				A10000000000000000000094 /* Resources */,
			);
			buildRules = (
			);
			dependencies = (
				A10000000000000000000052 /* PBXTargetDependency */,
			);
			name = TakesTests;
			productName = TakesTests;
			productReference = A10000000000000000000003 /* TakesTests.xctest */;
			productType = "com.apple.product-type.bundle.unit-test";
		};
/* End PBXNativeTarget section */

/* Begin PBXProject section */
		A10000000000000000000001 /* Project object */ = {
			isa = PBXProject;
			attributes = {
				BuildIndependentTargetsInParallel = 1;
				LastSwiftUpdateCheck = 2600;
				LastUpgradeCheck = 2630;
				TargetAttributes = {
					A10000000000000000000041 = {
						CreatedOnToolsVersion = 26.3;
					};
					A10000000000000000000042 = {
						CreatedOnToolsVersion = 26.3;
						TestTargetID = A10000000000000000000041;
					};
				};
			};
			buildConfigurationList = A10000000000000000000080 /* Build configuration list for PBXProject "Takes" */;
			developmentRegion = en;
			hasScannedForEncodings = 0;
			knownRegions = (
				en,
				Base,
			);
			mainGroup = A10000000000000000000004;
			minimizedProjectReferenceProxies = 1;
			packageReferences = (
				A6FE79432FDE592C003F2711 /* XCRemoteSwiftPackageReference "Sparkle" */,
			);
			preferredProjectObjectVersion = 77;
			productRefGroup = A10000000000000000000005 /* Products */;
			projectDirPath = "";
			projectRoot = "";
			targets = (
				A10000000000000000000041 /* Takes */,
				A10000000000000000000042 /* TakesTests */,
			);
		};
/* End PBXProject section */

/* Begin PBXResourcesBuildPhase section */
		A10000000000000000000092 /* Resources */ = {
			isa = PBXResourcesBuildPhase;
			buildActionMask = 2147483647;
			files = (
				A10000000000000000000029 /* Assets/Assets.xcassets in Resources */,
			);
			runOnlyForDeploymentPostprocessing = 0;
		};
		A10000000000000000000094 /* Resources */ = {
			isa = PBXResourcesBuildPhase;
			buildActionMask = 2147483647;
			files = (
			);
			runOnlyForDeploymentPostprocessing = 0;
		};
/* End PBXResourcesBuildPhase section */

/* Begin PBXSourcesBuildPhase section */
		A10000000000000000000091 /* Sources */ = {
			isa = PBXSourcesBuildPhase;
			buildActionMask = 2147483647;
			files = (
				A1000000000000000000C011 /* AppSettings.swift in Sources */,
				A10000000000000000000021 /* AudioFileLoader.swift in Sources */,
				A10000000000000000000022 /* ContentView.swift in Sources */,
				A1000000000000000000C015 /* ComponentDebugLabel.swift in Sources */,
				A1000000000000000000C016 /* Theme.swift in Sources */,
				A1000000000000000000C017 /* TransportControls.swift in Sources */,
				A10000000000000000000023 /* KeyMonitor.swift in Sources */,
				A10000000000000000000028 /* LibraryTrackSelectionLoader.swift in Sources */,
				A10000000000000000000024 /* Models.swift in Sources */,
				A10000000000000000000025 /* PlaybackController.swift in Sources */,
				A1000000000000000000C013 /* SettingsView.swift in Sources */,
				A1000000000000000000C012 /* SoftwareUpdater.swift in Sources */,
				A1000000000000000000C01A /* StreamingTrackImport.swift in Sources */,
				A10000000000000000000026 /* TakesApp.swift in Sources */,
				A1000000000000000000C018 /* TrackAligner.swift in Sources */,
				A10000000000000000000027 /* TransportMapping.swift in Sources */,
				A1000000000000000000C014 /* WaveformStore.swift in Sources */,
			);
			runOnlyForDeploymentPostprocessing = 0;
		};
		A10000000000000000000093 /* Sources */ = {
			isa = PBXSourcesBuildPhase;
			buildActionMask = 2147483647;
			files = (
				A10000000000000000000031 /* SessionTests.swift in Sources */,
				A1000000000000000000C01B /* StreamingTrackImportTests.swift in Sources */,
				A1000000000000000000C019 /* TrackAlignerTests.swift in Sources */,
				A10000000000000000000033 /* TrackDropHighlightTests.swift in Sources */,
				A10000000000000000000034 /* WaveformSourceTests.swift in Sources */,
				A10000000000000000000032 /* TransportMappingTests.swift in Sources */,
			);
			runOnlyForDeploymentPostprocessing = 0;
		};
/* End PBXSourcesBuildPhase section */

/* Begin PBXTargetDependency section */
		A10000000000000000000052 /* PBXTargetDependency */ = {
			isa = PBXTargetDependency;
			target = A10000000000000000000041 /* Takes */;
			targetProxy = A10000000000000000000051 /* PBXContainerItemProxy */;
		};
/* End PBXTargetDependency section */

/* Begin XCBuildConfiguration section */
		A100000000000000000000A0 /* Debug */ = {
			isa = XCBuildConfiguration;
			buildSettings = {
				ALWAYS_SEARCH_USER_PATHS = NO;
				ASSETCATALOG_COMPILER_GENERATE_SWIFT_ASSET_SYMBOL_EXTENSIONS = YES;
				CLANG_ENABLE_MODULES = YES;
				CLANG_ENABLE_OBJC_ARC = YES;
				CLANG_WARN_BLOCK_CAPTURE_AUTORELEASING = YES;
				CLANG_WARN_BOOL_CONVERSION = YES;
				CLANG_WARN_COMMA = YES;
				CLANG_WARN_CONSTANT_CONVERSION = YES;
				CLANG_WARN_DEPRECATED_OBJC_IMPLEMENTATIONS = YES;
				CLANG_WARN_EMPTY_BODY = YES;
				CLANG_WARN_ENUM_CONVERSION = YES;
				CLANG_WARN_INFINITE_RECURSION = YES;
				CLANG_WARN_INT_CONVERSION = YES;
				CLANG_WARN_NON_LITERAL_NULL_CONVERSION = YES;
				CLANG_WARN_OBJC_IMPLICIT_RETAIN_SELF = YES;
				CLANG_WARN_OBJC_LITERAL_CONVERSION = YES;
				CLANG_WARN_QUOTED_INCLUDE_IN_FRAMEWORK_HEADER = YES;
				CLANG_WARN_RANGE_LOOP_ANALYSIS = YES;
				CLANG_WARN_STRICT_PROTOTYPES = YES;
				CLANG_WARN_SUSPICIOUS_MOVE = YES;
				CLANG_WARN_UNREACHABLE_CODE = YES;
				CLANG_WARN__DUPLICATE_METHOD_MATCH = YES;
				CODE_SIGN_STYLE = Automatic;
				COPY_PHASE_STRIP = NO;
				DEAD_CODE_STRIPPING = YES;
				DEBUG_INFORMATION_FORMAT = dwarf;
				ENABLE_APP_SANDBOX = NO;
				ENABLE_HARDENED_RUNTIME = NO;
				ENABLE_STRICT_OBJC_MSGSEND = YES;
				ENABLE_TESTABILITY = YES;
				ENABLE_USER_SCRIPT_SANDBOXING = YES;
				GCC_NO_COMMON_BLOCKS = YES;
				GCC_OPTIMIZATION_LEVEL = 0;
				GCC_WARN_64_TO_32_BIT_CONVERSION = YES;
				GCC_WARN_ABOUT_RETURN_TYPE = YES;
				GCC_WARN_UNDECLARED_SELECTOR = YES;
				GCC_WARN_UNINITIALIZED_AUTOS = YES;
				GCC_WARN_UNUSED_FUNCTION = YES;
				GCC_WARN_UNUSED_VARIABLE = YES;
				MACOSX_DEPLOYMENT_TARGET = 14.0;
				ONLY_ACTIVE_ARCH = YES;
				SDKROOT = macosx;
				STRING_CATALOG_GENERATE_SYMBOLS = YES;
				SWIFT_ACTIVE_COMPILATION_CONDITIONS = DEBUG;
				SWIFT_VERSION = 6.0;
			};
			name = Debug;
		};
		A100000000000000000000A1 /* Release */ = {
			isa = XCBuildConfiguration;
			buildSettings = {
				ALWAYS_SEARCH_USER_PATHS = NO;
				ASSETCATALOG_COMPILER_GENERATE_SWIFT_ASSET_SYMBOL_EXTENSIONS = YES;
				CLANG_ENABLE_MODULES = YES;
				CLANG_ENABLE_OBJC_ARC = YES;
				CLANG_WARN_BLOCK_CAPTURE_AUTORELEASING = YES;
				CLANG_WARN_BOOL_CONVERSION = YES;
				CLANG_WARN_COMMA = YES;
				CLANG_WARN_CONSTANT_CONVERSION = YES;
				CLANG_WARN_DEPRECATED_OBJC_IMPLEMENTATIONS = YES;
				CLANG_WARN_EMPTY_BODY = YES;
				CLANG_WARN_ENUM_CONVERSION = YES;
				CLANG_WARN_INFINITE_RECURSION = YES;
				CLANG_WARN_INT_CONVERSION = YES;
				CLANG_WARN_NON_LITERAL_NULL_CONVERSION = YES;
				CLANG_WARN_OBJC_IMPLICIT_RETAIN_SELF = YES;
				CLANG_WARN_OBJC_LITERAL_CONVERSION = YES;
				CLANG_WARN_QUOTED_INCLUDE_IN_FRAMEWORK_HEADER = YES;
				CLANG_WARN_RANGE_LOOP_ANALYSIS = YES;
				CLANG_WARN_STRICT_PROTOTYPES = YES;
				CLANG_WARN_SUSPICIOUS_MOVE = YES;
				CLANG_WARN_UNREACHABLE_CODE = YES;
				CLANG_WARN__DUPLICATE_METHOD_MATCH = YES;
				CODE_SIGN_STYLE = Automatic;
				DEAD_CODE_STRIPPING = YES;
				DEBUG_INFORMATION_FORMAT = "dwarf-with-dsym";
				ENABLE_APP_SANDBOX = NO;
				ENABLE_HARDENED_RUNTIME = NO;
				ENABLE_STRICT_OBJC_MSGSEND = YES;
				ENABLE_USER_SCRIPT_SANDBOXING = YES;
				GCC_NO_COMMON_BLOCKS = YES;
				GCC_WARN_64_TO_32_BIT_CONVERSION = YES;
				GCC_WARN_ABOUT_RETURN_TYPE = YES;
				GCC_WARN_UNDECLARED_SELECTOR = YES;
				GCC_WARN_UNINITIALIZED_AUTOS = YES;
				GCC_WARN_UNUSED_FUNCTION = YES;
				GCC_WARN_UNUSED_VARIABLE = YES;
				MACOSX_DEPLOYMENT_TARGET = 14.0;
				SDKROOT = macosx;
				STRING_CATALOG_GENERATE_SYMBOLS = YES;
				SWIFT_COMPILATION_MODE = wholemodule;
				SWIFT_OPTIMIZATION_LEVEL = "-O";
				SWIFT_VERSION = 6.0;
			};
			name = Release;
		};
		A100000000000000000000B0 /* Debug */ = {
			isa = XCBuildConfiguration;
			buildSettings = {
				ASSETCATALOG_COMPILER_APPICON_NAME = AppIcon;
				CODE_SIGN_ENTITLEMENTS = Config/Takes.entitlements;
				CODE_SIGN_STYLE = Automatic;
				COMBINE_HIDPI_IMAGES = YES;
				CURRENT_PROJECT_VERSION = 10;
				DEAD_CODE_STRIPPING = YES;
				DEVELOPMENT_TEAM = KMA5YWAK8T;
				ENABLE_APP_SANDBOX = NO;
				ENABLE_TESTABILITY = YES;
				GCC_OPTIMIZATION_LEVEL = 0;
				GENERATE_INFOPLIST_FILE = NO;
				INFOPLIST_FILE = "Config/Takes-Info.plist";
				INFOPLIST_KEY_LSApplicationCategoryType = "public.app-category.music";
				LD_RUNPATH_SEARCH_PATHS = (
					"$(inherited)",
					"@executable_path/../Frameworks",
				);
				MACOSX_DEPLOYMENT_TARGET = 14.0;
				MARKETING_VERSION = 2.7;
				PRODUCT_BUNDLE_IDENTIFIER = com.nigelwarren.Takes;
				PRODUCT_NAME = "$(TARGET_NAME)";
				SWIFT_EMIT_LOC_STRINGS = NO;
				SWIFT_OPTIMIZATION_LEVEL = "-Onone";
				SWIFT_VERSION = 6.0;
			};
			name = Debug;
		};
		A100000000000000000000B1 /* Release */ = {
			isa = XCBuildConfiguration;
			buildSettings = {
				ASSETCATALOG_COMPILER_APPICON_NAME = AppIcon;
				CODE_SIGN_ENTITLEMENTS = Config/Takes.entitlements;
				CODE_SIGN_STYLE = Automatic;
				COMBINE_HIDPI_IMAGES = YES;
				CURRENT_PROJECT_VERSION = 10;
				DEAD_CODE_STRIPPING = YES;
				DEVELOPMENT_TEAM = KMA5YWAK8T;
				ENABLE_APP_SANDBOX = NO;
				ENABLE_HARDENED_RUNTIME = YES;
				GENERATE_INFOPLIST_FILE = NO;
				INFOPLIST_FILE = "Config/Takes-Info.plist";
				INFOPLIST_KEY_LSApplicationCategoryType = "public.app-category.music";
				LD_RUNPATH_SEARCH_PATHS = (
					"$(inherited)",
					"@executable_path/../Frameworks",
				);
				MACOSX_DEPLOYMENT_TARGET = 14.0;
				MARKETING_VERSION = 2.7;
				PRODUCT_BUNDLE_IDENTIFIER = com.nigelwarren.Takes;
				PRODUCT_NAME = "$(TARGET_NAME)";
				SWIFT_EMIT_LOC_STRINGS = NO;
				SWIFT_VERSION = 6.0;
			};
			name = Release;
		};
		A100000000000000000000C0 /* Debug */ = {
			isa = XCBuildConfiguration;
			buildSettings = {
				BUNDLE_LOADER = "$(TEST_HOST)";
				CODE_SIGN_STYLE = Automatic;
				CURRENT_PROJECT_VERSION = 1;
				DEAD_CODE_STRIPPING = YES;
				ENABLE_TESTABILITY = YES;
				GCC_OPTIMIZATION_LEVEL = 0;
				GENERATE_INFOPLIST_FILE = YES;
				MACOSX_DEPLOYMENT_TARGET = 14.0;
				PRODUCT_BUNDLE_IDENTIFIER = com.nigelwarren.TakesTests;
				PRODUCT_NAME = "$(TARGET_NAME)";
				SWIFT_EMIT_LOC_STRINGS = NO;
				SWIFT_OPTIMIZATION_LEVEL = "-Onone";
				SWIFT_TESTING_ENABLE_EXPERIMENTAL_FEATURES = YES;
				SWIFT_VERSION = 6.0;
				TEST_HOST = "$(BUILT_PRODUCTS_DIR)/Takes.app/Contents/MacOS/Takes";
			};
			name = Debug;
		};
		A100000000000000000000C1 /* Release */ = {
			isa = XCBuildConfiguration;
			buildSettings = {
				BUNDLE_LOADER = "$(TEST_HOST)";
				CODE_SIGN_STYLE = Automatic;
				CURRENT_PROJECT_VERSION = 1;
				DEAD_CODE_STRIPPING = YES;
				GENERATE_INFOPLIST_FILE = YES;
				MACOSX_DEPLOYMENT_TARGET = 14.0;
				PRODUCT_BUNDLE_IDENTIFIER = com.nigelwarren.TakesTests;
				PRODUCT_NAME = "$(TARGET_NAME)";
				SWIFT_EMIT_LOC_STRINGS = NO;
				SWIFT_TESTING_ENABLE_EXPERIMENTAL_FEATURES = YES;
				SWIFT_VERSION = 6.0;
				TEST_HOST = "$(BUILT_PRODUCTS_DIR)/Takes.app/Contents/MacOS/Takes";
			};
			name = Release;
		};
/* End XCBuildConfiguration section */

/* Begin XCConfigurationList section */
		A10000000000000000000080 /* Build configuration list for PBXProject "Takes" */ = {
			isa = XCConfigurationList;
			buildConfigurations = (
				A100000000000000000000A0 /* Debug */,
				A100000000000000000000A1 /* Release */,
			);
			defaultConfigurationIsVisible = 0;
			defaultConfigurationName = Release;
		};
		A10000000000000000000081 /* Build configuration list for PBXNativeTarget "Takes" */ = {
			isa = XCConfigurationList;
			buildConfigurations = (
				A100000000000000000000B0 /* Debug */,
				A100000000000000000000B1 /* Release */,
			);
			defaultConfigurationIsVisible = 0;
			defaultConfigurationName = Release;
		};
		A10000000000000000000082 /* Build configuration list for PBXNativeTarget "TakesTests" */ = {
			isa = XCConfigurationList;
			buildConfigurations = (
				A100000000000000000000C0 /* Debug */,
				A100000000000000000000C1 /* Release */,
			);
			defaultConfigurationIsVisible = 0;
			defaultConfigurationName = Release;
		};
/* End XCConfigurationList section */

/* Begin XCRemoteSwiftPackageReference section */
		A6FE79432FDE592C003F2711 /* XCRemoteSwiftPackageReference "Sparkle" */ = {
			isa = XCRemoteSwiftPackageReference;
			repositoryURL = "https://github.com/sparkle-project/Sparkle";
			requirement = {
				kind = upToNextMajorVersion;
				minimumVersion = 2.9.4;
			};
		};
/* End XCRemoteSwiftPackageReference section */

/* Begin XCSwiftPackageProductDependency section */
		A6FE79442FDE592C003F2711 /* Sparkle */ = {
			isa = XCSwiftPackageProductDependency;
			package = A6FE79432FDE592C003F2711 /* XCRemoteSwiftPackageReference "Sparkle" */;
			productName = Sparkle;
		};
/* End XCSwiftPackageProductDependency section */
	};
	rootObject = A10000000000000000000001 /* Project object */;
}
